
Microsoft Visual Studio Solution File, Format Version 12.00
# Visual Studio Version 16
VisualStudioVersion = 25.0.1700.0
MinimumVisualStudioVersion = 10.0.40219.1
Project("{FAE04EC0-301F-11D3-BF4B-00C04F79EFBC}") = "TripLists", "TripLists.csproj", "{DA84AD00-2565-4B17-98DA-6C10C09D7B66}"
EndProject
Global
	GlobalSection(SolutionConfigurationPlatforms) = preSolution
		Debug|Any CPU = Debug|Any CPU
		Release|Any CPU = Release|Any CPU
	EndGlobalSection
	GlobalSection(ProjectConfigurationPlatforms) = postSolution
		{DA84AD00-2565-4B17-98DA-6C10C09D7B66}.Debug|Any CPU.ActiveCfg = Debug|Any CPU
		{DA84AD00-2565-4B17-98DA-6C10C09D7B66}.Debug|Any CPU.Build.0 = Debug|Any CPU
		{DA84AD00-2565-4B17-98DA-6C10C09D7B66}.Release|Any CPU.ActiveCfg = Release|Any CPU
		{DA84AD00-2565-4B17-98DA-6C10C09D7B66}.Release|Any CPU.Build.0 = Release|Any CPU
	EndGlobalSection
	GlobalSection(SolutionProperties) = preSolution
		HideSolutionNode = FALSE
	EndGlobalSection
	GlobalSection(ExtensibilityGlobals) = postSolution
		SolutionGuid = {27A375C7-CC44-4AD7-9FE7-C889604C86DD}
	EndGlobalSection
EndGlobal
